// !$*UTF8*$!
{
	archiveVersion = 1;
	classes = {
	};
	objectVersion = 48;
	objects = {

/* Begin PBXBuildFile section */
		633F45691FAFA79700E1F209 /* AppDelegate.swift in Sources */ = {isa = PBXBuildFile; fileRef = 633F45681FAFA79700E1F209 /* AppDelegate.swift */; };
		633F456B1FAFA79700E1F209 /* ViewController.swift in Sources */ = {isa = PBXBuildFile; fileRef = 633F456A1FAFA79700E1F209 /* ViewController.swift */; };
		633F456E1FAFA79700E1F209 /* Main.storyboard in Resources */ = {isa = PBXBuildFile; fileRef = 633F456C1FAFA79700E1F209 /* Main.storyboard */; };
		633F45701FAFA79700E1F209 /* Assets.xcassets in Resources */ = {isa = PBXBuildFile; fileRef = 633F456F1FAFA79700E1F209 /* Assets.xcassets */; };
		633F45731FAFA79700E1F209 /* LaunchScreen.storyboard in Resources */ = {isa = PBXBuildFile; fileRef = 633F45711FAFA79700E1F209 /* LaunchScreen.storyboard */; };
		633F457E1FAFA79700E1F209 /* BroadcastSenderTests.swift in Sources */ = {isa = PBXBuildFile; fileRef = 633F457D1FAFA79700E1F209 /* BroadcastSenderTests.swift */; };
		633F45891FAFA7E500E1F209 /* TestCell.swift in Sources */ = {isa = PBXBuildFile; fileRef = 633F45881FAFA7E500E1F209 /* TestCell.swift */; };
		633F458B1FAFA7F200E1F209 /* BroadcastSender.swift in Sources */ = {isa = PBXBuildFile; fileRef = 633F458A1FAFA7F200E1F209 /* BroadcastSender.swift */; };
		633F458D1FAFA99C00E1F209 /* TestEvent.swift in Sources */ = {isa = PBXBuildFile; fileRef = 633F458C1FAFA99C00E1F209 /* TestEvent.swift */; };
/* End PBXBuildFile section */

/* Begin PBXContainerItemProxy section */
		633F457A1FAFA79700E1F209 /* PBXContainerItemProxy */ = {
			isa = PBXContainerItemProxy;
			containerPortal = 633F455D1FAFA79700E1F209 /* Project object */;
			proxyType = 1;
			remoteGlobalIDString = 633F45641FAFA79700E1F209;
			remoteInfo = BroadcastSender;
		};
/* End PBXContainerItemProxy section */

/* Begin PBXFileReference section */
		633F45651FAFA79700E1F209 /* BroadcastSender.app */ = {isa = PBXFileReference; explicitFileType = wrapper.application; includeInIndex = 0; path = BroadcastSender.app; sourceTree = BUILT_PRODUCTS_DIR; };
		633F45681FAFA79700E1F209 /* AppDelegate.swift */ = {isa = PBXFileReference; lastKnownFileType = sourcecode.swift; path = AppDelegate.swift; sourceTree = "<group>"; };
		633F456A1FAFA79700E1F209 /* ViewController.swift */ = {isa = PBXFileReference; lastKnownFileType = sourcecode.swift; path = ViewController.swift; sourceTree = "<group>"; };
		633F456D1FAFA79700E1F209 /* Base */ = {isa = PBXFileReference; lastKnownFileType = file.storyboard; name = Base; path = Base.lproj/Main.storyboard; sourceTree = "<group>"; };
		633F456F1FAFA79700E1F209 /* Assets.xcassets */ = {isa = PBXFileReference; lastKnownFileType = folder.assetcatalog; path = Assets.xcassets; sourceTree = "<group>"; };
		633F45721FAFA79700E1F209 /* Base */ = {isa = PBXFileReference; lastKnownFileType = file.storyboard; name = Base; path = Base.lproj/LaunchScreen.storyboard; sourceTree = "<group>"; };
		633F45741FAFA79700E1F209 /* Info.plist */ = {isa = PBXFileReference; lastKnownFileType = text.plist.xml; path = Info.plist; sourceTree = "<group>"; };
		633F45791FAFA79700E1F209 /* BroadcastSenderTests.xctest */ = {isa = PBXFileReference; explicitFileType = wrapper.cfbundle; includeInIndex = 0; path = BroadcastSenderTests.xctest; sourceTree = BUILT_PRODUCTS_DIR; };
		633F457D1FAFA79700E1F209 /* BroadcastSenderTests.swift */ = {isa = PBXFileReference; lastKnownFileType = sourcecode.swift; path = BroadcastSenderTests.swift; sourceTree = "<group>"; };
		633F457F1FAFA79700E1F209 /* Info.plist */ = {isa = PBXFileReference; lastKnownFileType = text.plist.xml; path = Info.plist; sourceTree = "<group>"; };
		633F45881FAFA7E500E1F209 /* TestCell.swift */ = {isa = PBXFileReference; lastKnownFileType = sourcecode.swift; path = TestCell.swift; sourceTree = "<group>"; };
		633F458A1FAFA7F200E1F209 /* BroadcastSender.swift */ = {isa = PBXFileReference; fileEncoding = 4; lastKnownFileType = sourcecode.swift; path = BroadcastSender.swift; sourceTree = "<group>"; };
		633F458C1FAFA99C00E1F209 /* TestEvent.swift */ = {isa = PBXFileReference; lastKnownFileType = sourcecode.swift; path = TestEvent.swift; sourceTree = "<group>"; };
/* End PBXFileReference section */

/* Begin PBXFrameworksBuildPhase section */
		633F45621FAFA79700E1F209 /* Frameworks */ = {
			isa = PBXFrameworksBuildPhase;
			buildActionMask = 2147483647;
			files = (
			);
			runOnlyForDeploymentPostprocessing = 0;
		};
		633F45761FAFA79700E1F209 /* Frameworks */ = {
			isa = PBXFrameworksBuildPhase;
			buildActionMask = 2147483647;
			files = (
			);
			runOnlyForDeploymentPostprocessing = 0;
		};
/* End PBXFrameworksBuildPhase section */

/* Begin PBXGroup section */
		633F455C1FAFA79700E1F209 = {
			isa = PBXGroup;
			children = (
				633F45671FAFA79700E1F209 /* BroadcastSender */,
				633F457C1FAFA79700E1F209 /* BroadcastSenderTests */,
				633F45661FAFA79700E1F209 /* Products */,
			);
			sourceTree = "<group>";
		};
		633F45661FAFA79700E1F209 /* Products */ = {
			isa = PBXGroup;
			children = (
				633F45651FAFA79700E1F209 /* BroadcastSender.app */,
				633F45791FAFA79700E1F209 /* BroadcastSenderTests.xctest */,
			);
			name = Products;
			sourceTree = "<group>";
		};
		633F45671FAFA79700E1F209 /* BroadcastSender */ = {
			isa = PBXGroup;
			children = (
				633F456A1FAFA79700E1F209 /* ViewController.swift */,
				633F456C1FAFA79700E1F209 /* Main.storyboard */,
				633F45911FAFAA4100E1F209 /* Support Files */,
				633F458F1FAFAA2200E1F209 /* TestSubject */,
				633F458E1FAFAA1300E1F209 /* BroadcastSender */,
			);
			path = BroadcastSender;
			sourceTree = "<group>";
		};
		633F457C1FAFA79700E1F209 /* BroadcastSenderTests */ = {
			isa = PBXGroup;
			children = (
				633F457D1FAFA79700E1F209 /* BroadcastSenderTests.swift */,
				633F457F1FAFA79700E1F209 /* Info.plist */,
			);
			path = BroadcastSenderTests;
			sourceTree = "<group>";
		};
		633F458E1FAFAA1300E1F209 /* BroadcastSender */ = {
			isa = PBXGroup;
			children = (
				633F458A1FAFA7F200E1F209 /* BroadcastSender.swift */,
			);
			path = BroadcastSender;
			sourceTree = "<group>";
		};
		633F458F1FAFAA2200E1F209 /* TestSubject */ = {
			isa = PBXGroup;
			children = (
				633F45881FAFA7E500E1F209 /* TestCell.swift */,
				633F458C1FAFA99C00E1F209 /* TestEvent.swift */,
			);
			path = TestSubject;
			sourceTree = "<group>";
		};
		633F45911FAFAA4100E1F209 /* Support Files */ = {
			isa = PBXGroup;
			children = (
				633F45681FAFA79700E1F209 /* AppDelegate.swift */,
				633F456F1FAFA79700E1F209 /* Assets.xcassets */,
				633F45711FAFA79700E1F209 /* LaunchScreen.storyboard */,
				633F45741FAFA79700E1F209 /* Info.plist */,
			);
			path = "Support Files";
			sourceTree = "<group>";
		};
/* End PBXGroup section */

/* Begin PBXNativeTarget section */
		633F45641FAFA79700E1F209 /* BroadcastSender */ = {
			isa = PBXNativeTarget;
			buildConfigurationList = 633F45821FAFA79700E1F209 /* Build configuration list for PBXNativeTarget "BroadcastSender" */;
			buildPhases = (
				633F45611FAFA79700E1F209 /* Sources */,
				633F45621FAFA79700E1F209 /* Frameworks */,
				633F45631FAFA79700E1F209 /* Resources */,
			);
			buildRules = (
			);
			dependencies = (
			);
			name = BroadcastSender;
			productName = BroadcastSender;
			productReference = 633F45651FAFA79700E1F209 /* BroadcastSender.app */;
			productType = "com.apple.product-type.application";
		};
		633F45781FAFA79700E1F209 /* BroadcastSenderTests */ = {
			isa = PBXNativeTarget;
			buildConfigurationList = 633F45851FAFA79700E1F209 /* Build configuration list for PBXNativeTarget "BroadcastSenderTests" */;
			buildPhases = (
				633F45751FAFA79700E1F209 /* Sources */,
				633F45761FAFA79700E1F209 /* Frameworks */,
				633F45771FAFA79700E1F209 /* Resources */,
			);
			buildRules = (
			);
			dependencies = (
				633F457B1FAFA79700E1F209 /* PBXTargetDependency */,
			);
			name = BroadcastSenderTests;
			productName = BroadcastSenderTests;
			productReference = 633F45791FAFA79700E1F209 /* BroadcastSenderTests.xctest */;
			productType = "com.apple.product-type.bundle.unit-test";
		};
/* End PBXNativeTarget section */

/* Begin PBXProject section */
		633F455D1FAFA79700E1F209 /* Project object */ = {
			isa = PBXProject;
			attributes = {
				LastSwiftUpdateCheck = 0910;
				LastUpgradeCheck = 0910;
				ORGANIZATIONNAME = "Alex Antonyuk";
				TargetAttributes = {
					633F45641FAFA79700E1F209 = {
						CreatedOnToolsVersion = 9.1;
						ProvisioningStyle = Automatic;
					};
					633F45781FAFA79700E1F209 = {
						CreatedOnToolsVersion = 9.1;
						ProvisioningStyle = Automatic;
						TestTargetID = 633F45641FAFA79700E1F209;
					};
				};
			};
			buildConfigurationList = 633F45601FAFA79700E1F209 /* Build configuration list for PBXProject "BroadcastSender" */;
			compatibilityVersion = "Xcode 8.0";
			developmentRegion = en;
			hasScannedForEncodings = 0;
			knownRegions = (
				en,
				Base,
			);
			mainGroup = 633F455C1FAFA79700E1F209;
			productRefGroup = 633F45661FAFA79700E1F209 /* Products */;
			projectDirPath = "";
			projectRoot = "";
			targets = (
				633F45641FAFA79700E1F209 /* BroadcastSender */,
				633F45781FAFA79700E1F209 /* BroadcastSenderTests */,
			);
		};
/* End PBXProject section */

/* Begin PBXResourcesBuildPhase section */
		633F45631FAFA79700E1F209 /* Resources */ = {
			isa = PBXResourcesBuildPhase;
			buildActionMask = 2147483647;
			files = (
				633F45731FAFA79700E1F209 /* LaunchScreen.storyboard in Resources */,
				633F45701FAFA79700E1F209 /* Assets.xcassets in Resources */,
				633F456E1FAFA79700E1F209 /* Main.storyboard in Resources */,
			);
			runOnlyForDeploymentPostprocessing = 0;
		};
		633F45771FAFA79700E1F209 /* Resources */ = {
			isa = PBXResourcesBuildPhase;
			buildActionMask = 2147483647;
			files = (
			);
			runOnlyForDeploymentPostprocessing = 0;
		};
/* End PBXResourcesBuildPhase section */

/* Begin PBXSourcesBuildPhase section */
		633F45611FAFA79700E1F209 /* Sources */ = {
			isa = PBXSourcesBuildPhase;
			buildActionMask = 2147483647;
			files = (
				633F458D1FAFA99C00E1F209 /* TestEvent.swift in Sources */,
				633F458B1FAFA7F200E1F209 /* BroadcastSender.swift in Sources */,
				633F456B1FAFA79700E1F209 /* ViewController.swift in Sources */,
				633F45891FAFA7E500E1F209 /* TestCell.swift in Sources */,
				633F45691FAFA79700E1F209 /* AppDelegate.swift in Sources */,
			);
			runOnlyForDeploymentPostprocessing = 0;
		};
		633F45751FAFA79700E1F209 /* Sources */ = {
			isa = PBXSourcesBuildPhase;
			buildActionMask = 2147483647;
			files = (
				633F457E1FAFA79700E1F209 /* BroadcastSenderTests.swift in Sources */,
			);
			runOnlyForDeploymentPostprocessing = 0;
		};
/* End PBXSourcesBuildPhase section */

/* Begin PBXTargetDependency section */
		633F457B1FAFA79700E1F209 /* PBXTargetDependency */ = {
			isa = PBXTargetDependency;
			target = 633F45641FAFA79700E1F209 /* BroadcastSender */;
			targetProxy = 633F457A1FAFA79700E1F209 /* PBXContainerItemProxy */;
		};
/* End PBXTargetDependency section */

/* Begin PBXVariantGroup section */
		633F456C1FAFA79700E1F209 /* Main.storyboard */ = {
			isa = PBXVariantGroup;
			children = (
				633F456D1FAFA79700E1F209 /* Base */,
			);
			name = Main.storyboard;
			sourceTree = "<group>";
		};
		633F45711FAFA79700E1F209 /* LaunchScreen.storyboard */ = {
			isa = PBXVariantGroup;
			children = (
				633F45721FAFA79700E1F209 /* Base */,
			);
			name = LaunchScreen.storyboard;
			sourceTree = "<group>";
		};
/* End PBXVariantGroup section */

/* Begin XCBuildConfiguration section */
		633F45801FAFA79700E1F209 /* Debug */ = {
			isa = XCBuildConfiguration;
			buildSettings = {
				ALWAYS_SEARCH_USER_PATHS = NO;
				CLANG_ANALYZER_NONNULL = YES;
				CLANG_ANALYZER_NUMBER_OBJECT_CONVERSION = YES_AGGRESSIVE;
				CLANG_CXX_LANGUAGE_STANDARD = "gnu++14";
				CLANG_CXX_LIBRARY = "libc++";
				CLANG_ENABLE_MODULES = YES;
				CLANG_ENABLE_OBJC_ARC = YES;
				CLANG_WARN_BLOCK_CAPTURE_AUTORELEASING = YES;
				CLANG_WARN_BOOL_CONVERSION = YES;
				CLANG_WARN_COMMA = YES;
				CLANG_WARN_CONSTANT_CONVERSION = YES;
				CLANG_WARN_DIRECT_OBJC_ISA_USAGE = YES_ERROR;
				CLANG_WARN_DOCUMENTATION_COMMENTS = YES;
				CLANG_WARN_EMPTY_BODY = YES;
				CLANG_WARN_ENUM_CONVERSION = YES;
				CLANG_WARN_INFINITE_RECURSION = YES;
				CLANG_WARN_INT_CONVERSION = YES;
				CLANG_WARN_NON_LITERAL_NULL_CONVERSION = YES;
				CLANG_WARN_OBJC_LITERAL_CONVERSION = YES;
				CLANG_WARN_OBJC_ROOT_CLASS = YES_ERROR;
				CLANG_WARN_RANGE_LOOP_ANALYSIS = YES;
				CLANG_WARN_STRICT_PROTOTYPES = YES;
				CLANG_WARN_SUSPICIOUS_MOVE = YES;
				CLANG_WARN_UNGUARDED_AVAILABILITY = YES_AGGRESSIVE;
				CLANG_WARN_UNREACHABLE_CODE = YES;
				CLANG_WARN__DUPLICATE_METHOD_MATCH = YES;
				CODE_SIGN_IDENTITY = "iPhone Developer";
				COPY_PHASE_STRIP = NO;
				DEBUG_INFORMATION_FORMAT = dwarf;
				ENABLE_STRICT_OBJC_MSGSEND = YES;
				ENABLE_TESTABILITY = YES;
				GCC_C_LANGUAGE_STANDARD = gnu11;
				GCC_DYNAMIC_NO_PIC = NO;
				GCC_NO_COMMON_BLOCKS = YES;
				GCC_OPTIMIZATION_LEVEL = 0;
				GCC_PREPROCESSOR_DEFINITIONS = (
					"DEBUG=1",
					"$(inherited)",
				);
				GCC_WARN_64_TO_32_BIT_CONVERSION = YES;
				GCC_WARN_ABOUT_RETURN_TYPE = YES_ERROR;
				GCC_WARN_UNDECLARED_SELECTOR = YES;
				GCC_WARN_UNINITIALIZED_AUTOS = YES_AGGRESSIVE;
				GCC_WARN_UNUSED_FUNCTION = YES;
				GCC_WARN_UNUSED_VARIABLE = YES;
				IPHONEOS_DEPLOYMENT_TARGET = 11.1;
				MTL_ENABLE_DEBUG_INFO = YES;
				ONLY_ACTIVE_ARCH = YES;
				SDKROOT = iphoneos;
				SWIFT_ACTIVE_COMPILATION_CONDITIONS = DEBUG;
				SWIFT_OPTIMIZATION_LEVEL = "-Onone";
			};
			name = Debug;
		};
		633F45811FAFA79700E1F209 /* Release */ = {
			isa = XCBuildConfiguration;
			buildSettings = {
				ALWAYS_SEARCH_USER_PATHS = NO;
				CLANG_ANALYZER_NONNULL = YES;
				CLANG_ANALYZER_NUMBER_OBJECT_CONVERSION = YES_AGGRESSIVE;
				CLANG_CXX_LANGUAGE_STANDARD = "gnu++14";
				CLANG_CXX_LIBRARY = "libc++";
				CLANG_ENABLE_MODULES = YES;
				CLANG_ENABLE_OBJC_ARC = YES;
				CLANG_WARN_BLOCK_CAPTURE_AUTORELEASING = YES;
				CLANG_WARN_BOOL_CONVERSION = YES;
				CLANG_WARN_COMMA = YES;
				CLANG_WARN_CONSTANT_CONVERSION = YES;
				CLANG_WARN_DIRECT_OBJC_ISA_USAGE = YES_ERROR;
				CLANG_WARN_DOCUMENTATION_COMMENTS = YES;
				CLANG_WARN_EMPTY_BODY = YES;
				CLANG_WARN_ENUM_CONVERSION = YES;
				CLANG_WARN_INFINITE_RECURSION = YES;
				CLANG_WARN_INT_CONVERSION = YES;
				CLANG_WARN_NON_LITERAL_NULL_CONVERSION = YES;
				CLANG_WARN_OBJC_LITERAL_CONVERSION = YES;
				CLANG_WARN_OBJC_ROOT_CLASS = YES_ERROR;
				CLANG_WARN_RANGE_LOOP_ANALYSIS = YES;
				CLANG_WARN_STRICT_PROTOTYPES = YES;
				CLANG_WARN_SUSPICIOUS_MOVE = YES;
				CLANG_WARN_UNGUARDED_AVAILABILITY = YES_AGGRESSIVE;
				CLANG_WARN_UNREACHABLE_CODE = YES;
				CLANG_WARN__DUPLICATE_METHOD_MATCH = YES;
				CODE_SIGN_IDENTITY = "iPhone Developer";
				COPY_PHASE_STRIP = NO;
				DEBUG_INFORMATION_FORMAT = "dwarf-with-dsym";
				ENABLE_NS_ASSERTIONS = NO;
				ENABLE_STRICT_OBJC_MSGSEND = YES;
				GCC_C_LANGUAGE_STANDARD = gnu11;
				GCC_NO_COMMON_BLOCKS = YES;
				GCC_WARN_64_TO_32_BIT_CONVERSION = YES;
				GCC_WARN_ABOUT_RETURN_TYPE = YES_ERROR;
				GCC_WARN_UNDECLARED_SELECTOR = YES;
				GCC_WARN_UNINITIALIZED_AUTOS = YES_AGGRESSIVE;
				GCC_WARN_UNUSED_FUNCTION = YES;
				GCC_WARN_UNUSED_VARIABLE = YES;
				IPHONEOS_DEPLOYMENT_TARGET = 11.1;
				MTL_ENABLE_DEBUG_INFO = NO;
				SDKROOT = iphoneos;
				SWIFT_OPTIMIZATION_LEVEL = "-Owholemodule";
				VALIDATE_PRODUCT = YES;
			};
			name = Release;
		};
		633F45831FAFA79700E1F209 /* Debug */ = {
			isa = XCBuildConfiguration;
			buildSettings = {
				ASSETCATALOG_COMPILER_APPICON_NAME = AppIcon;
				CODE_SIGN_STYLE = Automatic;
				DEVELOPMENT_TEAM = ETHW6PAC6R;
				INFOPLIST_FILE = BroadcastSender/Info.plist;
				LD_RUNPATH_SEARCH_PATHS = "$(inherited) @executable_path/Frameworks";
				PRODUCT_BUNDLE_IDENTIFIER = me.antonyuk.BroadcastSender;
				PRODUCT_NAME = "$(TARGET_NAME)";
				SWIFT_VERSION = 4.0;
				TARGETED_DEVICE_FAMILY = "1,2";
			};
			name = Debug;
		};
		633F45841FAFA79700E1F209 /* Release */ = {
			isa = XCBuildConfiguration;
			buildSettings = {
				ASSETCATALOG_COMPILER_APPICON_NAME = AppIcon;
				CODE_SIGN_STYLE = Automatic;
				DEVELOPMENT_TEAM = ETHW6PAC6R;
				INFOPLIST_FILE = BroadcastSender/Info.plist;
				LD_RUNPATH_SEARCH_PATHS = "$(inherited) @executable_path/Frameworks";
				PRODUCT_BUNDLE_IDENTIFIER = me.antonyuk.BroadcastSender;
				PRODUCT_NAME = "$(TARGET_NAME)";
				SWIFT_VERSION = 4.0;
				TARGETED_DEVICE_FAMILY = "1,2";
			};
			name = Release;
		};
		633F45861FAFA79700E1F209 /* Debug */ = {
			isa = XCBuildConfiguration;
			buildSettings = {
				ALWAYS_EMBED_SWIFT_STANDARD_LIBRARIES = YES;
				BUNDLE_LOADER = "$(TEST_HOST)";
				CODE_SIGN_STYLE = Automatic;
				DEVELOPMENT_TEAM = ETHW6PAC6R;
				INFOPLIST_FILE = BroadcastSenderTests/Info.plist;
				LD_RUNPATH_SEARCH_PATHS = "$(inherited) @executable_path/Frameworks @loader_path/Frameworks";
				PRODUCT_BUNDLE_IDENTIFIER = me.antonyuk.BroadcastSenderTests;
				PRODUCT_NAME = "$(TARGET_NAME)";
				SWIFT_VERSION = 4.0;
				TARGETED_DEVICE_FAMILY = "1,2";
				TEST_HOST = "$(BUILT_PRODUCTS_DIR)/BroadcastSender.app/BroadcastSender";
			};
			name = Debug;
		};
		633F45871FAFA79700E1F209 /* Release */ = {
			isa = XCBuildConfiguration;
			buildSettings = {
				ALWAYS_EMBED_SWIFT_STANDARD_LIBRARIES = YES;
				BUNDLE_LOADER = "$(TEST_HOST)";
				CODE_SIGN_STYLE = Automatic;
				DEVELOPMENT_TEAM = ETHW6PAC6R;
				INFOPLIST_FILE = BroadcastSenderTests/Info.plist;
				LD_RUNPATH_SEARCH_PATHS = "$(inherited) @executable_path/Frameworks @loader_path/Frameworks";
				PRODUCT_BUNDLE_IDENTIFIER = me.antonyuk.BroadcastSenderTests;
				PRODUCT_NAME = "$(TARGET_NAME)";
				SWIFT_VERSION = 4.0;
				TARGETED_DEVICE_FAMILY = "1,2";
				TEST_HOST = "$(BUILT_PRODUCTS_DIR)/BroadcastSender.app/BroadcastSender";
			};
			name = Release;
		};
/* End XCBuildConfiguration section */

/* Begin XCConfigurationList section */
		633F45601FAFA79700E1F209 /* Build configuration list for PBXProject "BroadcastSender" */ = {
			isa = XCConfigurationList;
			buildConfigurations = (
				633F45801FAFA79700E1F209 /* Debug */,
				633F45811FAFA79700E1F209 /* Release */,
			);
			defaultConfigurationIsVisible = 0;
			defaultConfigurationName = Release;
		};
		633F45821FAFA79700E1F209 /* Build configuration list for PBXNativeTarget "BroadcastSender" */ = {
			isa = XCConfigurationList;
			buildConfigurations = (
				633F45831FAFA79700E1F209 /* Debug */,
				633F45841FAFA79700E1F209 /* Release */,
			);
			defaultConfigurationIsVisible = 0;
			defaultConfigurationName = Release;
		};
		633F45851FAFA79700E1F209 /* Build configuration list for PBXNativeTarget "BroadcastSenderTests" */ = {
			isa = XCConfigurationList;
			buildConfigurations = (
				633F45861FAFA79700E1F209 /* Debug */,
				633F45871FAFA79700E1F209 /* Release */,
			);
			defaultConfigurationIsVisible = 0;
			defaultConfigurationName = Release;
		};
/* End XCConfigurationList section */
	};
	rootObject = 633F455D1FAFA79700E1F209 /* Project object */;
}
